
Microsoft Visual Studio Solution File, Format Version 12.00
# Visual Studio 15
VisualStudioVersion = 15.0.27703.2026
MinimumVisualStudioVersion = 10.0.40219.1
Project("{FAE04EC0-301F-11D3-BF4B-00C04F79EFBC}") = "SyncMan", "SyncMan\SyncMan.csproj", "{D1CB2C6E-E43F-4ADD-B9AB-FE7F67FC1972}"
EndProject
Global
	GlobalSection(SolutionConfigurationPlatforms) = preSolution
		Debug|Any CPU = Debug|Any CPU
		Release|Any CPU = Release|Any CPU
	EndGlobalSection
	GlobalSection(ProjectConfigurationPlatforms) = postSolution
		{D1CB2C6E-E43F-4ADD-B9AB-FE7F67FC1972}.Debug|Any CPU.ActiveCfg = Debug|Any CPU
		{D1CB2C6E-E43F-4ADD-B9AB-FE7F67FC1972}.Debug|Any CPU.Build.0 = Debug|Any CPU
		{D1CB2C6E-E43F-4ADD-B9AB-FE7F67FC1972}.Release|Any CPU.ActiveCfg = Release|Any CPU
		{D1CB2C6E-E43F-4ADD-B9AB-FE7F67FC1972}.Release|Any CPU.Build.0 = Release|Any CPU
	EndGlobalSection
	GlobalSection(SolutionProperties) = preSolution
		HideSolutionNode = FALSE
	EndGlobalSection
	GlobalSection(ExtensibilityGlobals) = postSolution
		SolutionGuid = {A1D98615-B29C-4C08-9DBA-6A2EFC229B9F}
	EndGlobalSection
EndGlobal
